{
	"name": "tetris",
	"version": "0.1.6",
	"lockfileVersion": 2,
	"requires": true,
	"packages": {
		"": {
			"name": "tetris",
			"version": "0.1.6",
			"dependencies": {
				"clivas": "0.1.x",
				"keypress": "0.1.x"
			},
			"bin": {
				"tetris": "index.js"
			}
		},
		"node_modules/clivas": {
			"version": "0.1.4",
			"resolved": "https://registry.npmjs.org/clivas/-/clivas-0.1.4.tgz",
			"integrity": "sha1-4cHkgdEnPVfxdSEysORBCg2II1o="
		},
		"node_modules/keypress": {
			"version": "0.1.0",
			"resolved": "https://registry.npmjs.org/keypress/-/keypress-0.1.0.tgz",
			"integrity": "sha1-SjGI1CkbZrT2XtuZ+AaqmuKTWSo="
		}
	},
	"dependencies": {
		"clivas": {
			"version": "0.1.4",
			"resolved": "https://registry.npmjs.org/clivas/-/clivas-0.1.4.tgz",
			"integrity": "sha1-4cHkgdEnPVfxdSEysORBCg2II1o="
		},
		"keypress": {
			"version": "0.1.0",
			"resolved": "https://registry.npmjs.org/keypress/-/keypress-0.1.0.tgz",
			"integrity": "sha1-SjGI1CkbZrT2XtuZ+AaqmuKTWSo="
		}
	}
}
